// !$*UTF8*$!
{
	archiveVersion = 1;
	classes = {
	};
	objectVersion = 55;
	objects = {

/* Begin PBXBuildFile section */
		4F12AAC62727BBD5006905FD /* QuickDashEngView.swift in Sources */ = {isa = PBXBuildFile; fileRef = 4F12AAC52727BBD5006905FD /* QuickDashEngView.swift */; };
		4F207D84271AA69100B74F3A /* IntakePaperworkApp.swift in Sources */ = {isa = PBXBuildFile; fileRef = 4F207D83271AA69100B74F3A /* IntakePaperworkApp.swift */; };
		4F207D86271AA69100B74F3A /* HomeView.swift in Sources */ = {isa = PBXBuildFile; fileRef = 4F207D85271AA69100B74F3A /* HomeView.swift */; };
		4F207D88271AA69200B74F3A /* Assets.xcassets in Resources */ = {isa = PBXBuildFile; fileRef = 4F207D87271AA69200B74F3A /* Assets.xcassets */; };
		4F207D8B271AA69200B74F3A /* Preview Assets.xcassets in Resources */ = {isa = PBXBuildFile; fileRef = 4F207D8A271AA69200B74F3A /* Preview Assets.xcassets */; };
		4F207D94271AA99000B74F3A /* Model.swift in Sources */ = {isa = PBXBuildFile; fileRef = 4F207D93271AA99000B74F3A /* Model.swift */; };
		4F207D96271AAA6400B74F3A /* ModelView.swift in Sources */ = {isa = PBXBuildFile; fileRef = 4F207D95271AAA6400B74F3A /* ModelView.swift */; };
		4F207D9D271AADC400B74F3A /* SurveyView.swift in Sources */ = {isa = PBXBuildFile; fileRef = 4F207D9C271AADC400B74F3A /* SurveyView.swift */; };
		4F3EB9562725F3A7007384FA /* BackgroundView.swift in Sources */ = {isa = PBXBuildFile; fileRef = 4F3EB9552725F3A7007384FA /* BackgroundView.swift */; };
		4F46EEAB272E4D6F00D8EEE3 /* QuickDashSpanView.swift in Sources */ = {isa = PBXBuildFile; fileRef = 4F46EEAA272E4D6F00D8EEE3 /* QuickDashSpanView.swift */; };
		4F66742227445DA5006B9ED0 /* SideBarMenuView.swift in Sources */ = {isa = PBXBuildFile; fileRef = 4F66742127445DA5006B9ED0 /* SideBarMenuView.swift */; };
		4F667424274462B0006B9ED0 /* SettingsView.swift in Sources */ = {isa = PBXBuildFile; fileRef = 4F667423274462B0006B9ED0 /* SettingsView.swift */; };
		4F667426274464B6006B9ED0 /* PDFRetrievalView.swift in Sources */ = {isa = PBXBuildFile; fileRef = 4F667425274464B6006B9ED0 /* PDFRetrievalView.swift */; };
		4F82A6C8273EE446003DC3BF /* NewSelectionView.swift in Sources */ = {isa = PBXBuildFile; fileRef = 4F82A6C7273EE446003DC3BF /* NewSelectionView.swift */; };
		4F8B17D92727C76C000A1573 /* BackIndexView.swift in Sources */ = {isa = PBXBuildFile; fileRef = 4F8B17D82727C76C000A1573 /* BackIndexView.swift */; };
		4F8B17DB2727C998000A1573 /* LefsView.swift in Sources */ = {isa = PBXBuildFile; fileRef = 4F8B17DA2727C998000A1573 /* LefsView.swift */; };
		4FCC6330272B5E3E0041BE4C /* PrivacyPolicyView.swift in Sources */ = {isa = PBXBuildFile; fileRef = 4FCC632F272B5E3E0041BE4C /* PrivacyPolicyView.swift */; };
		4FCC6332272B5E4F0041BE4C /* DryNeedlingConsentView.swift in Sources */ = {isa = PBXBuildFile; fileRef = 4FCC6331272B5E4F0041BE4C /* DryNeedlingConsentView.swift */; };
		4FCC6334272B5E620041BE4C /* MedicalHistoryView.swift in Sources */ = {isa = PBXBuildFile; fileRef = 4FCC6333272B5E620041BE4C /* MedicalHistoryView.swift */; };
		4FCC6336272B5FAC0041BE4C /* InsuranceIntakeView.swift in Sources */ = {isa = PBXBuildFile; fileRef = 4FCC6335272B5FAC0041BE4C /* InsuranceIntakeView.swift */; };
		4FCC6338272B5FCF0041BE4C /* InformationAndPoliciesView.swift in Sources */ = {isa = PBXBuildFile; fileRef = 4FCC6337272B5FCF0041BE4C /* InformationAndPoliciesView.swift */; };
		4FCD26AB273052A900F4859F /* NDIView.swift in Sources */ = {isa = PBXBuildFile; fileRef = 4FCD26AA273052A900F4859F /* NDIView.swift */; };
		4FD830572758205D0075B219 /* PDFViewer.swift in Sources */ = {isa = PBXBuildFile; fileRef = 4FD830562758205D0075B219 /* PDFViewer.swift */; };
		4FD901E52750B7A50042FEBD /* Constants.swift in Sources */ = {isa = PBXBuildFile; fileRef = 4FD901E42750B7A50042FEBD /* Constants.swift */; };
/* End PBXBuildFile section */

/* Begin PBXFileReference section */
		4F12AAC52727BBD5006905FD /* QuickDashEngView.swift */ = {isa = PBXFileReference; lastKnownFileType = sourcecode.swift; path = QuickDashEngView.swift; sourceTree = "<group>"; };
		4F207D80271AA69100B74F3A /* IntakePaperwork.app */ = {isa = PBXFileReference; explicitFileType = wrapper.application; includeInIndex = 0; path = IntakePaperwork.app; sourceTree = BUILT_PRODUCTS_DIR; };
		4F207D83271AA69100B74F3A /* IntakePaperworkApp.swift */ = {isa = PBXFileReference; lastKnownFileType = sourcecode.swift; path = IntakePaperworkApp.swift; sourceTree = "<group>"; };
		4F207D85271AA69100B74F3A /* HomeView.swift */ = {isa = PBXFileReference; lastKnownFileType = sourcecode.swift; path = HomeView.swift; sourceTree = "<group>"; };
		4F207D87271AA69200B74F3A /* Assets.xcassets */ = {isa = PBXFileReference; lastKnownFileType = folder.assetcatalog; path = Assets.xcassets; sourceTree = "<group>"; };
		4F207D8A271AA69200B74F3A /* Preview Assets.xcassets */ = {isa = PBXFileReference; lastKnownFileType = folder.assetcatalog; path = "Preview Assets.xcassets"; sourceTree = "<group>"; };
		4F207D93271AA99000B74F3A /* Model.swift */ = {isa = PBXFileReference; lastKnownFileType = sourcecode.swift; path = Model.swift; sourceTree = "<group>"; };
		4F207D95271AAA6400B74F3A /* ModelView.swift */ = {isa = PBXFileReference; lastKnownFileType = sourcecode.swift; path = ModelView.swift; sourceTree = "<group>"; };
		4F207D9C271AADC400B74F3A /* SurveyView.swift */ = {isa = PBXFileReference; lastKnownFileType = sourcecode.swift; path = SurveyView.swift; sourceTree = "<group>"; };
		4F3EB9552725F3A7007384FA /* BackgroundView.swift */ = {isa = PBXFileReference; lastKnownFileType = sourcecode.swift; path = BackgroundView.swift; sourceTree = "<group>"; };
		4F46EEAA272E4D6F00D8EEE3 /* QuickDashSpanView.swift */ = {isa = PBXFileReference; lastKnownFileType = sourcecode.swift; path = QuickDashSpanView.swift; sourceTree = "<group>"; };
		4F66742127445DA5006B9ED0 /* SideBarMenuView.swift */ = {isa = PBXFileReference; lastKnownFileType = sourcecode.swift; path = SideBarMenuView.swift; sourceTree = "<group>"; };
		4F667423274462B0006B9ED0 /* SettingsView.swift */ = {isa = PBXFileReference; lastKnownFileType = sourcecode.swift; path = SettingsView.swift; sourceTree = "<group>"; };
		4F667425274464B6006B9ED0 /* PDFRetrievalView.swift */ = {isa = PBXFileReference; lastKnownFileType = sourcecode.swift; path = PDFRetrievalView.swift; sourceTree = "<group>"; };
		4F82A6C7273EE446003DC3BF /* NewSelectionView.swift */ = {isa = PBXFileReference; lastKnownFileType = sourcecode.swift; path = NewSelectionView.swift; sourceTree = "<group>"; };
		4F8B17D82727C76C000A1573 /* BackIndexView.swift */ = {isa = PBXFileReference; lastKnownFileType = sourcecode.swift; path = BackIndexView.swift; sourceTree = "<group>"; };
		4F8B17DA2727C998000A1573 /* LefsView.swift */ = {isa = PBXFileReference; lastKnownFileType = sourcecode.swift; path = LefsView.swift; sourceTree = "<group>"; };
		4FCC632F272B5E3E0041BE4C /* PrivacyPolicyView.swift */ = {isa = PBXFileReference; lastKnownFileType = sourcecode.swift; path = PrivacyPolicyView.swift; sourceTree = "<group>"; };
		4FCC6331272B5E4F0041BE4C /* DryNeedlingConsentView.swift */ = {isa = PBXFileReference; lastKnownFileType = sourcecode.swift; path = DryNeedlingConsentView.swift; sourceTree = "<group>"; };
		4FCC6333272B5E620041BE4C /* MedicalHistoryView.swift */ = {isa = PBXFileReference; lastKnownFileType = sourcecode.swift; path = MedicalHistoryView.swift; sourceTree = "<group>"; };
		4FCC6335272B5FAC0041BE4C /* InsuranceIntakeView.swift */ = {isa = PBXFileReference; lastKnownFileType = sourcecode.swift; path = InsuranceIntakeView.swift; sourceTree = "<group>"; };
		4FCC6337272B5FCF0041BE4C /* InformationAndPoliciesView.swift */ = {isa = PBXFileReference; lastKnownFileType = sourcecode.swift; path = InformationAndPoliciesView.swift; sourceTree = "<group>"; };
		4FCD26AA273052A900F4859F /* NDIView.swift */ = {isa = PBXFileReference; lastKnownFileType = sourcecode.swift; path = NDIView.swift; sourceTree = "<group>"; };
		4FD830562758205D0075B219 /* PDFViewer.swift */ = {isa = PBXFileReference; lastKnownFileType = sourcecode.swift; path = PDFViewer.swift; sourceTree = "<group>"; };
		4FD901E42750B7A50042FEBD /* Constants.swift */ = {isa = PBXFileReference; lastKnownFileType = sourcecode.swift; path = Constants.swift; sourceTree = "<group>"; };
/* End PBXFileReference section */

/* Begin PBXFrameworksBuildPhase section */
		4F207D7D271AA69000B74F3A /* Frameworks */ = {
			isa = PBXFrameworksBuildPhase;
			buildActionMask = 2147483647;
			files = (
			);
			runOnlyForDeploymentPostprocessing = 0;
		};
/* End PBXFrameworksBuildPhase section */

/* Begin PBXGroup section */
		4F207D77271AA69000B74F3A = {
			isa = PBXGroup;
			children = (
				4F207D82271AA69100B74F3A /* IntakePaperwork */,
				4F207D81271AA69100B74F3A /* Products */,
			);
			sourceTree = "<group>";
		};
		4F207D81271AA69100B74F3A /* Products */ = {
			isa = PBXGroup;
			children = (
				4F207D80271AA69100B74F3A /* IntakePaperwork.app */,
			);
			name = Products;
			sourceTree = "<group>";
		};
		4F207D82271AA69100B74F3A /* IntakePaperwork */ = {
			isa = PBXGroup;
			children = (
				4F207D83271AA69100B74F3A /* IntakePaperworkApp.swift */,
				4F207D93271AA99000B74F3A /* Model.swift */,
				4F207D97271AAC7300B74F3A /* Views */,
				4FD901AE2750AAA00042FEBD /* Models */,
				4FD901E32750B7870042FEBD /* Utilities */,
				4FCC632E272B5E170041BE4C /* Intake paper views */,
				4F207D87271AA69200B74F3A /* Assets.xcassets */,
				4F207D89271AA69200B74F3A /* Preview Content */,
			);
			path = IntakePaperwork;
			sourceTree = "<group>";
		};
		4F207D89271AA69200B74F3A /* Preview Content */ = {
			isa = PBXGroup;
			children = (
				4F207D8A271AA69200B74F3A /* Preview Assets.xcassets */,
			);
			path = "Preview Content";
			sourceTree = "<group>";
		};
		4F207D97271AAC7300B74F3A /* Views */ = {
			isa = PBXGroup;
			children = (
				4F207D85271AA69100B74F3A /* HomeView.swift */,
				4F82A6C7273EE446003DC3BF /* NewSelectionView.swift */,
				4F3EB9552725F3A7007384FA /* BackgroundView.swift */,
				4F207D9C271AADC400B74F3A /* SurveyView.swift */,
				4F66742127445DA5006B9ED0 /* SideBarMenuView.swift */,
				4F667425274464B6006B9ED0 /* PDFRetrievalView.swift */,
				4FD830562758205D0075B219 /* PDFViewer.swift */,
				4F667423274462B0006B9ED0 /* SettingsView.swift */,
				4FCC632D272B5DE30041BE4C /* Survey Views */,
			);
			path = Views;
			sourceTree = "<group>";
		};
		4FCC632D272B5DE30041BE4C /* Survey Views */ = {
			isa = PBXGroup;
			children = (
				4F8B17DA2727C998000A1573 /* LefsView.swift */,
				4F8B17D82727C76C000A1573 /* BackIndexView.swift */,
				4F12AAC52727BBD5006905FD /* QuickDashEngView.swift */,
				4FCD26AA273052A900F4859F /* NDIView.swift */,
				4F46EEAA272E4D6F00D8EEE3 /* QuickDashSpanView.swift */,
			);
			path = "Survey Views";
			sourceTree = "<group>";
		};
		4FCC632E272B5E170041BE4C /* Intake paper views */ = {
			isa = PBXGroup;
			children = (
				4FCC632F272B5E3E0041BE4C /* PrivacyPolicyView.swift */,
				4FCC6331272B5E4F0041BE4C /* DryNeedlingConsentView.swift */,
				4FCC6333272B5E620041BE4C /* MedicalHistoryView.swift */,
				4FCC6335272B5FAC0041BE4C /* InsuranceIntakeView.swift */,
				4FCC6337272B5FCF0041BE4C /* InformationAndPoliciesView.swift */,
			);
			path = "Intake paper views";
			sourceTree = "<group>";
		};
		4FD901AE2750AAA00042FEBD /* Models */ = {
			isa = PBXGroup;
			children = (
				4F207D95271AAA6400B74F3A /* ModelView.swift */,
			);
			path = Models;
			sourceTree = "<group>";
		};
		4FD901E32750B7870042FEBD /* Utilities */ = {
			isa = PBXGroup;
			children = (
				4FD901E42750B7A50042FEBD /* Constants.swift */,
			);
			path = Utilities;
			sourceTree = "<group>";
		};
/* End PBXGroup section */

/* Begin PBXNativeTarget section */
		4F207D7F271AA69000B74F3A /* IntakePaperwork */ = {
			isa = PBXNativeTarget;
			buildConfigurationList = 4F207D8E271AA69200B74F3A /* Build configuration list for PBXNativeTarget "IntakePaperwork" */;
			buildPhases = (
				4F207D7C271AA69000B74F3A /* Sources */,
				4F207D7D271AA69000B74F3A /* Frameworks */,
				4F207D7E271AA69000B74F3A /* Resources */,
			);
			buildRules = (
			);
			dependencies = (
			);
			name = IntakePaperwork;
			productName = IntakePaperwork;
			productReference = 4F207D80271AA69100B74F3A /* IntakePaperwork.app */;
			productType = "com.apple.product-type.application";
		};
/* End PBXNativeTarget section */

/* Begin PBXProject section */
		4F207D78271AA69000B74F3A /* Project object */ = {
			isa = PBXProject;
			attributes = {
				BuildIndependentTargetsInParallel = 1;
				LastSwiftUpdateCheck = 1300;
				LastUpgradeCheck = 1300;
				TargetAttributes = {
					4F207D7F271AA69000B74F3A = {
						CreatedOnToolsVersion = 13.0;
					};
				};
			};
			buildConfigurationList = 4F207D7B271AA69000B74F3A /* Build configuration list for PBXProject "IntakePaperwork" */;
			compatibilityVersion = "Xcode 13.0";
			developmentRegion = en;
			hasScannedForEncodings = 0;
			knownRegions = (
				en,
				Base,
			);
			mainGroup = 4F207D77271AA69000B74F3A;
			productRefGroup = 4F207D81271AA69100B74F3A /* Products */;
			projectDirPath = "";
			projectRoot = "";
			targets = (
				4F207D7F271AA69000B74F3A /* IntakePaperwork */,
			);
		};
/* End PBXProject section */

/* Begin PBXResourcesBuildPhase section */
		4F207D7E271AA69000B74F3A /* Resources */ = {
			isa = PBXResourcesBuildPhase;
			buildActionMask = 2147483647;
			files = (
				4F207D8B271AA69200B74F3A /* Preview Assets.xcassets in Resources */,
				4F207D88271AA69200B74F3A /* Assets.xcassets in Resources */,
			);
			runOnlyForDeploymentPostprocessing = 0;
		};
/* End PBXResourcesBuildPhase section */

/* Begin PBXSourcesBuildPhase section */
		4F207D7C271AA69000B74F3A /* Sources */ = {
			isa = PBXSourcesBuildPhase;
			buildActionMask = 2147483647;
			files = (
				4FD830572758205D0075B219 /* PDFViewer.swift in Sources */,
				4FD901E52750B7A50042FEBD /* Constants.swift in Sources */,
				4F66742227445DA5006B9ED0 /* SideBarMenuView.swift in Sources */,
				4F8B17DB2727C998000A1573 /* LefsView.swift in Sources */,
				4F12AAC62727BBD5006905FD /* QuickDashEngView.swift in Sources */,
				4F82A6C8273EE446003DC3BF /* NewSelectionView.swift in Sources */,
				4F667426274464B6006B9ED0 /* PDFRetrievalView.swift in Sources */,
				4FCC6334272B5E620041BE4C /* MedicalHistoryView.swift in Sources */,
				4FCD26AB273052A900F4859F /* NDIView.swift in Sources */,
				4FCC6330272B5E3E0041BE4C /* PrivacyPolicyView.swift in Sources */,
				4FCC6332272B5E4F0041BE4C /* DryNeedlingConsentView.swift in Sources */,
				4F207D9D271AADC400B74F3A /* SurveyView.swift in Sources */,
				4F3EB9562725F3A7007384FA /* BackgroundView.swift in Sources */,
				4F207D94271AA99000B74F3A /* Model.swift in Sources */,
				4F46EEAB272E4D6F00D8EEE3 /* QuickDashSpanView.swift in Sources */,
				4F207D86271AA69100B74F3A /* HomeView.swift in Sources */,
				4F8B17D92727C76C000A1573 /* BackIndexView.swift in Sources */,
				4FCC6336272B5FAC0041BE4C /* InsuranceIntakeView.swift in Sources */,
				4F207D96271AAA6400B74F3A /* ModelView.swift in Sources */,
				4FCC6338272B5FCF0041BE4C /* InformationAndPoliciesView.swift in Sources */,
				4F207D84271AA69100B74F3A /* IntakePaperworkApp.swift in Sources */,
				4F667424274462B0006B9ED0 /* SettingsView.swift in Sources */,
			);
			runOnlyForDeploymentPostprocessing = 0;
		};
/* End PBXSourcesBuildPhase section */

/* Begin XCBuildConfiguration section */
		4F207D8C271AA69200B74F3A /* Debug */ = {
			isa = XCBuildConfiguration;
			buildSettings = {
				ALWAYS_SEARCH_USER_PATHS = NO;
				CLANG_ANALYZER_NONNULL = YES;
				CLANG_ANALYZER_NUMBER_OBJECT_CONVERSION = YES_AGGRESSIVE;
				CLANG_CXX_LANGUAGE_STANDARD = "gnu++17";
				CLANG_CXX_LIBRARY = "libc++";
				CLANG_ENABLE_MODULES = YES;
				CLANG_ENABLE_OBJC_ARC = YES;
				CLANG_ENABLE_OBJC_WEAK = YES;
				CLANG_WARN_BLOCK_CAPTURE_AUTORELEASING = YES;
				CLANG_WARN_BOOL_CONVERSION = YES;
				CLANG_WARN_COMMA = YES;
				CLANG_WARN_CONSTANT_CONVERSION = YES;
				CLANG_WARN_DEPRECATED_OBJC_IMPLEMENTATIONS = YES;
				CLANG_WARN_DIRECT_OBJC_ISA_USAGE = YES_ERROR;
				CLANG_WARN_DOCUMENTATION_COMMENTS = YES;
				CLANG_WARN_EMPTY_BODY = YES;
				CLANG_WARN_ENUM_CONVERSION = YES;
				CLANG_WARN_INFINITE_RECURSION = YES;
				CLANG_WARN_INT_CONVERSION = YES;
				CLANG_WARN_NON_LITERAL_NULL_CONVERSION = YES;
				CLANG_WARN_OBJC_IMPLICIT_RETAIN_SELF = YES;
				CLANG_WARN_OBJC_LITERAL_CONVERSION = YES;
				CLANG_WARN_OBJC_ROOT_CLASS = YES_ERROR;
				CLANG_WARN_QUOTED_INCLUDE_IN_FRAMEWORK_HEADER = YES;
				CLANG_WARN_RANGE_LOOP_ANALYSIS = YES;
				CLANG_WARN_STRICT_PROTOTYPES = YES;
				CLANG_WARN_SUSPICIOUS_MOVE = YES;
				CLANG_WARN_UNGUARDED_AVAILABILITY = YES_AGGRESSIVE;
				CLANG_WARN_UNREACHABLE_CODE = YES;
				CLANG_WARN__DUPLICATE_METHOD_MATCH = YES;
				COPY_PHASE_STRIP = NO;
				DEBUG_INFORMATION_FORMAT = dwarf;
				ENABLE_STRICT_OBJC_MSGSEND = YES;
				ENABLE_TESTABILITY = YES;
				GCC_C_LANGUAGE_STANDARD = gnu11;
				GCC_DYNAMIC_NO_PIC = NO;
				GCC_NO_COMMON_BLOCKS = YES;
				GCC_OPTIMIZATION_LEVEL = 0;
				GCC_PREPROCESSOR_DEFINITIONS = (
					"DEBUG=1",
					"$(inherited)",
				);
				GCC_WARN_64_TO_32_BIT_CONVERSION = YES;
				GCC_WARN_ABOUT_RETURN_TYPE = YES_ERROR;
				GCC_WARN_UNDECLARED_SELECTOR = YES;
				GCC_WARN_UNINITIALIZED_AUTOS = YES_AGGRESSIVE;
				GCC_WARN_UNUSED_FUNCTION = YES;
				GCC_WARN_UNUSED_VARIABLE = YES;
				IPHONEOS_DEPLOYMENT_TARGET = 15.0;
				MTL_ENABLE_DEBUG_INFO = INCLUDE_SOURCE;
				MTL_FAST_MATH = YES;
				ONLY_ACTIVE_ARCH = YES;
				SDKROOT = iphoneos;
				SWIFT_ACTIVE_COMPILATION_CONDITIONS = DEBUG;
				SWIFT_OPTIMIZATION_LEVEL = "-Onone";
			};
			name = Debug;
		};
		4F207D8D271AA69200B74F3A /* Release */ = {
			isa = XCBuildConfiguration;
			buildSettings = {
				ALWAYS_SEARCH_USER_PATHS = NO;
				CLANG_ANALYZER_NONNULL = YES;
				CLANG_ANALYZER_NUMBER_OBJECT_CONVERSION = YES_AGGRESSIVE;
				CLANG_CXX_LANGUAGE_STANDARD = "gnu++17";
				CLANG_CXX_LIBRARY = "libc++";
				CLANG_ENABLE_MODULES = YES;
				CLANG_ENABLE_OBJC_ARC = YES;
				CLANG_ENABLE_OBJC_WEAK = YES;
				CLANG_WARN_BLOCK_CAPTURE_AUTORELEASING = YES;
				CLANG_WARN_BOOL_CONVERSION = YES;
				CLANG_WARN_COMMA = YES;
				CLANG_WARN_CONSTANT_CONVERSION = YES;
				CLANG_WARN_DEPRECATED_OBJC_IMPLEMENTATIONS = YES;
				CLANG_WARN_DIRECT_OBJC_ISA_USAGE = YES_ERROR;
				CLANG_WARN_DOCUMENTATION_COMMENTS = YES;
				CLANG_WARN_EMPTY_BODY = YES;
				CLANG_WARN_ENUM_CONVERSION = YES;
				CLANG_WARN_INFINITE_RECURSION = YES;
				CLANG_WARN_INT_CONVERSION = YES;
				CLANG_WARN_NON_LITERAL_NULL_CONVERSION = YES;
				CLANG_WARN_OBJC_IMPLICIT_RETAIN_SELF = YES;
				CLANG_WARN_OBJC_LITERAL_CONVERSION = YES;
				CLANG_WARN_OBJC_ROOT_CLASS = YES_ERROR;
				CLANG_WARN_QUOTED_INCLUDE_IN_FRAMEWORK_HEADER = YES;
				CLANG_WARN_RANGE_LOOP_ANALYSIS = YES;
				CLANG_WARN_STRICT_PROTOTYPES = YES;
				CLANG_WARN_SUSPICIOUS_MOVE = YES;
				CLANG_WARN_UNGUARDED_AVAILABILITY = YES_AGGRESSIVE;
				CLANG_WARN_UNREACHABLE_CODE = YES;
				CLANG_WARN__DUPLICATE_METHOD_MATCH = YES;
				COPY_PHASE_STRIP = NO;
				DEBUG_INFORMATION_FORMAT = "dwarf-with-dsym";
				ENABLE_NS_ASSERTIONS = NO;
				ENABLE_STRICT_OBJC_MSGSEND = YES;
				GCC_C_LANGUAGE_STANDARD = gnu11;
				GCC_NO_COMMON_BLOCKS = YES;
				GCC_WARN_64_TO_32_BIT_CONVERSION = YES;
				GCC_WARN_ABOUT_RETURN_TYPE = YES_ERROR;
				GCC_WARN_UNDECLARED_SELECTOR = YES;
				GCC_WARN_UNINITIALIZED_AUTOS = YES_AGGRESSIVE;
				GCC_WARN_UNUSED_FUNCTION = YES;
				GCC_WARN_UNUSED_VARIABLE = YES;
				IPHONEOS_DEPLOYMENT_TARGET = 15.0;
				MTL_ENABLE_DEBUG_INFO = NO;
				MTL_FAST_MATH = YES;
				SDKROOT = iphoneos;
				SWIFT_COMPILATION_MODE = wholemodule;
				SWIFT_OPTIMIZATION_LEVEL = "-O";
				VALIDATE_PRODUCT = YES;
			};
			name = Release;
		};
		4F207D8F271AA69200B74F3A /* Debug */ = {
			isa = XCBuildConfiguration;
			buildSettings = {
				ASSETCATALOG_COMPILER_APPICON_NAME = AppIcon;
				ASSETCATALOG_COMPILER_GLOBAL_ACCENT_COLOR_NAME = AccentColor;
				CODE_SIGN_STYLE = Automatic;
				CURRENT_PROJECT_VERSION = 1;
				DEVELOPMENT_ASSET_PATHS = "\"IntakePaperwork/Preview Content\"";
				DEVELOPMENT_TEAM = D268656BM6;
				ENABLE_PREVIEWS = YES;
				GENERATE_INFOPLIST_FILE = YES;
				INFOPLIST_KEY_UIApplicationSceneManifest_Generation = YES;
				INFOPLIST_KEY_UIApplicationSupportsIndirectInputEvents = YES;
				INFOPLIST_KEY_UILaunchScreen_Generation = YES;
				INFOPLIST_KEY_UISupportedInterfaceOrientations_iPad = "UIInterfaceOrientationPortrait UIInterfaceOrientationPortraitUpsideDown UIInterfaceOrientationLandscapeLeft UIInterfaceOrientationLandscapeRight";
				INFOPLIST_KEY_UISupportedInterfaceOrientations_iPhone = "UIInterfaceOrientationPortrait UIInterfaceOrientationLandscapeLeft UIInterfaceOrientationLandscapeRight";
				IPHONEOS_DEPLOYMENT_TARGET = 14.0;
				LD_RUNPATH_SEARCH_PATHS = (
					"$(inherited)",
					"@executable_path/Frameworks",
				);
				MARKETING_VERSION = 1.0;
				PRODUCT_BUNDLE_IDENTIFIER = Dax.Gerber.Apps.IntakePaperwork;
				PRODUCT_NAME = "$(TARGET_NAME)";
				SWIFT_EMIT_LOC_STRINGS = YES;
				SWIFT_VERSION = 5.0;
				TARGETED_DEVICE_FAMILY = "1,2";
			};
			name = Debug;
		};
		4F207D90271AA69200B74F3A /* Release */ = {
			isa = XCBuildConfiguration;
			buildSettings = {
				ASSETCATALOG_COMPILER_APPICON_NAME = AppIcon;
				ASSETCATALOG_COMPILER_GLOBAL_ACCENT_COLOR_NAME = AccentColor;
				CODE_SIGN_STYLE = Automatic;
				CURRENT_PROJECT_VERSION = 1;
				DEVELOPMENT_ASSET_PATHS = "\"IntakePaperwork/Preview Content\"";
				DEVELOPMENT_TEAM = D268656BM6;
				ENABLE_PREVIEWS = YES;
				GENERATE_INFOPLIST_FILE = YES;
				INFOPLIST_KEY_UIApplicationSceneManifest_Generation = YES;
				INFOPLIST_KEY_UIApplicationSupportsIndirectInputEvents = YES;
				INFOPLIST_KEY_UILaunchScreen_Generation = YES;
				INFOPLIST_KEY_UISupportedInterfaceOrientations_iPad = "UIInterfaceOrientationPortrait UIInterfaceOrientationPortraitUpsideDown UIInterfaceOrientationLandscapeLeft UIInterfaceOrientationLandscapeRight";
				INFOPLIST_KEY_UISupportedInterfaceOrientations_iPhone = "UIInterfaceOrientationPortrait UIInterfaceOrientationLandscapeLeft UIInterfaceOrientationLandscapeRight";
				IPHONEOS_DEPLOYMENT_TARGET = 14.0;
				LD_RUNPATH_SEARCH_PATHS = (
					"$(inherited)",
					"@executable_path/Frameworks",
				);
				MARKETING_VERSION = 1.0;
				PRODUCT_BUNDLE_IDENTIFIER = Dax.Gerber.Apps.IntakePaperwork;
				PRODUCT_NAME = "$(TARGET_NAME)";
				SWIFT_EMIT_LOC_STRINGS = YES;
				SWIFT_VERSION = 5.0;
				TARGETED_DEVICE_FAMILY = "1,2";
			};
			name = Release;
		};
/* End XCBuildConfiguration section */

/* Begin XCConfigurationList section */
		4F207D7B271AA69000B74F3A /* Build configuration list for PBXProject "IntakePaperwork" */ = {
			isa = XCConfigurationList;
			buildConfigurations = (
				4F207D8C271AA69200B74F3A /* Debug */,
				4F207D8D271AA69200B74F3A /* Release */,
			);
			defaultConfigurationIsVisible = 0;
			defaultConfigurationName = Release;
		};
		4F207D8E271AA69200B74F3A /* Build configuration list for PBXNativeTarget "IntakePaperwork" */ = {
			isa = XCConfigurationList;
			buildConfigurations = (
				4F207D8F271AA69200B74F3A /* Debug */,
				4F207D90271AA69200B74F3A /* Release */,
			);
			defaultConfigurationIsVisible = 0;
			defaultConfigurationName = Release;
		};
/* End XCConfigurationList section */
	};
	rootObject = 4F207D78271AA69000B74F3A /* Project object */;
}
